// !$*UTF8*$!
{
	archiveVersion = 1;
	classes = {
	};
	objectVersion = 55;
	objects = {

/* Begin PBXBuildFile section */
		89356EC027752AD2000345F9 /* LoginView.swift in Sources */ = {isa = PBXBuildFile; fileRef = 89356EBF27752AD2000345F9 /* LoginView.swift */; };
		89356EC227752D92000345F9 /* Colors.swift in Sources */ = {isa = PBXBuildFile; fileRef = 89356EC127752D92000345F9 /* Colors.swift */; };
		89356EC4277533DF000345F9 /* ViewExtensions.swift in Sources */ = {isa = PBXBuildFile; fileRef = 89356EC3277533DF000345F9 /* ViewExtensions.swift */; };
		89356EC8277540B5000345F9 /* Connection.otf in Resources */ = {isa = PBXBuildFile; fileRef = 89356EC727754067000345F9 /* Connection.otf */; };
		89356EC9277540B8000345F9 /* ConnectionBold.otf in Resources */ = {isa = PBXBuildFile; fileRef = 89356EC627754066000345F9 /* ConnectionBold.otf */; };
		895193F6276B733100588142 /* PokeAPI in Frameworks */ = {isa = PBXBuildFile; productRef = 895193F5276B733100588142 /* PokeAPI */; };
		896317A1276A5B9A0075B64D /* PokedexApp.swift in Sources */ = {isa = PBXBuildFile; fileRef = 896317A0276A5B9A0075B64D /* PokedexApp.swift */; };
		896317A3276A5B9A0075B64D /* MainView.swift in Sources */ = {isa = PBXBuildFile; fileRef = 896317A2276A5B9A0075B64D /* MainView.swift */; };
		896317A5276A5B9C0075B64D /* Assets.xcassets in Resources */ = {isa = PBXBuildFile; fileRef = 896317A4276A5B9C0075B64D /* Assets.xcassets */; };
		896317A8276A5B9C0075B64D /* Preview Assets.xcassets in Resources */ = {isa = PBXBuildFile; fileRef = 896317A7276A5B9C0075B64D /* Preview Assets.xcassets */; };
		896317AA276A5B9C0075B64D /* Persistence.swift in Sources */ = {isa = PBXBuildFile; fileRef = 896317A9276A5B9C0075B64D /* Persistence.swift */; };
		896317AD276A5B9C0075B64D /* Pokedex.xcdatamodeld in Sources */ = {isa = PBXBuildFile; fileRef = 896317AB276A5B9C0075B64D /* Pokedex.xcdatamodeld */; };
		896317B7276A5B9C0075B64D /* PokedexTests.swift in Sources */ = {isa = PBXBuildFile; fileRef = 896317B6276A5B9C0075B64D /* PokedexTests.swift */; };
		896317C1276A5B9C0075B64D /* PokedexUITests.swift in Sources */ = {isa = PBXBuildFile; fileRef = 896317C0276A5B9C0075B64D /* PokedexUITests.swift */; };
		896317C3276A5B9C0075B64D /* PokedexUITestsLaunchTests.swift in Sources */ = {isa = PBXBuildFile; fileRef = 896317C2276A5B9C0075B64D /* PokedexUITestsLaunchTests.swift */; };
		896317D0276B318D0075B64D /* PokemonListView.swift in Sources */ = {isa = PBXBuildFile; fileRef = 896317CF276B318D0075B64D /* PokemonListView.swift */; };
		899CBD9D276F62CC00AF1F51 /* PokedexAPI.swift in Sources */ = {isa = PBXBuildFile; fileRef = 899CBD9C276F62CC00AF1F51 /* PokedexAPI.swift */; };
		89BA88042772895000CD227A /* PokemonDetailView.swift in Sources */ = {isa = PBXBuildFile; fileRef = 89BA88032772895000CD227A /* PokemonDetailView.swift */; };
		89BA88062772924600CD227A /* PokemonListRow.swift in Sources */ = {isa = PBXBuildFile; fileRef = 89BA88052772924600CD227A /* PokemonListRow.swift */; };
		89BD2B052776911D00B33827 /* TrainerView.swift in Sources */ = {isa = PBXBuildFile; fileRef = 89BD2B042776911D00B33827 /* TrainerView.swift */; };
/* End PBXBuildFile section */

/* Begin PBXContainerItemProxy section */
		896317B3276A5B9C0075B64D /* PBXContainerItemProxy */ = {
			isa = PBXContainerItemProxy;
			containerPortal = 89631795276A5B9A0075B64D /* Project object */;
			proxyType = 1;
			remoteGlobalIDString = 8963179C276A5B9A0075B64D;
			remoteInfo = Pokedex;
		};
		896317BD276A5B9C0075B64D /* PBXContainerItemProxy */ = {
			isa = PBXContainerItemProxy;
			containerPortal = 89631795276A5B9A0075B64D /* Project object */;
			proxyType = 1;
			remoteGlobalIDString = 8963179C276A5B9A0075B64D;
			remoteInfo = Pokedex;
		};
/* End PBXContainerItemProxy section */

/* Begin PBXFileReference section */
		89356EBF27752AD2000345F9 /* LoginView.swift */ = {isa = PBXFileReference; lastKnownFileType = sourcecode.swift; path = LoginView.swift; sourceTree = "<group>"; };
		89356EC127752D92000345F9 /* Colors.swift */ = {isa = PBXFileReference; lastKnownFileType = sourcecode.swift; path = Colors.swift; sourceTree = "<group>"; };
		89356EC3277533DF000345F9 /* ViewExtensions.swift */ = {isa = PBXFileReference; lastKnownFileType = sourcecode.swift; path = ViewExtensions.swift; sourceTree = "<group>"; };
		89356EC627754066000345F9 /* ConnectionBold.otf */ = {isa = PBXFileReference; lastKnownFileType = file; path = ConnectionBold.otf; sourceTree = "<group>"; };
		89356EC727754067000345F9 /* Connection.otf */ = {isa = PBXFileReference; lastKnownFileType = file; path = Connection.otf; sourceTree = "<group>"; };
		89356ECA27754166000345F9 /* Info.plist */ = {isa = PBXFileReference; lastKnownFileType = text.plist; path = Info.plist; sourceTree = "<group>"; };
		8963179D276A5B9A0075B64D /* Pokedex.app */ = {isa = PBXFileReference; explicitFileType = wrapper.application; includeInIndex = 0; path = Pokedex.app; sourceTree = BUILT_PRODUCTS_DIR; };
		896317A0276A5B9A0075B64D /* PokedexApp.swift */ = {isa = PBXFileReference; lastKnownFileType = sourcecode.swift; path = PokedexApp.swift; sourceTree = "<group>"; };
		896317A2276A5B9A0075B64D /* MainView.swift */ = {isa = PBXFileReference; lastKnownFileType = sourcecode.swift; path = MainView.swift; sourceTree = "<group>"; };
		896317A4276A5B9C0075B64D /* Assets.xcassets */ = {isa = PBXFileReference; lastKnownFileType = folder.assetcatalog; path = Assets.xcassets; sourceTree = "<group>"; };
		896317A7276A5B9C0075B64D /* Preview Assets.xcassets */ = {isa = PBXFileReference; lastKnownFileType = folder.assetcatalog; path = "Preview Assets.xcassets"; sourceTree = "<group>"; };
		896317A9276A5B9C0075B64D /* Persistence.swift */ = {isa = PBXFileReference; lastKnownFileType = sourcecode.swift; path = Persistence.swift; sourceTree = "<group>"; };
		896317AC276A5B9C0075B64D /* Pokedex.xcdatamodel */ = {isa = PBXFileReference; lastKnownFileType = wrapper.xcdatamodel; path = Pokedex.xcdatamodel; sourceTree = "<group>"; };
		896317B2276A5B9C0075B64D /* PokedexTests.xctest */ = {isa = PBXFileReference; explicitFileType = wrapper.cfbundle; includeInIndex = 0; path = PokedexTests.xctest; sourceTree = BUILT_PRODUCTS_DIR; };
		896317B6276A5B9C0075B64D /* PokedexTests.swift */ = {isa = PBXFileReference; lastKnownFileType = sourcecode.swift; path = PokedexTests.swift; sourceTree = "<group>"; };
		896317BC276A5B9C0075B64D /* PokedexUITests.xctest */ = {isa = PBXFileReference; explicitFileType = wrapper.cfbundle; includeInIndex = 0; path = PokedexUITests.xctest; sourceTree = BUILT_PRODUCTS_DIR; };
		896317C0276A5B9C0075B64D /* PokedexUITests.swift */ = {isa = PBXFileReference; lastKnownFileType = sourcecode.swift; path = PokedexUITests.swift; sourceTree = "<group>"; };
		896317C2276A5B9C0075B64D /* PokedexUITestsLaunchTests.swift */ = {isa = PBXFileReference; lastKnownFileType = sourcecode.swift; path = PokedexUITestsLaunchTests.swift; sourceTree = "<group>"; };
		896317CF276B318D0075B64D /* PokemonListView.swift */ = {isa = PBXFileReference; lastKnownFileType = sourcecode.swift; path = PokemonListView.swift; sourceTree = "<group>"; };
		899CBD9C276F62CC00AF1F51 /* PokedexAPI.swift */ = {isa = PBXFileReference; lastKnownFileType = sourcecode.swift; path = PokedexAPI.swift; sourceTree = "<group>"; };
		89BA88032772895000CD227A /* PokemonDetailView.swift */ = {isa = PBXFileReference; lastKnownFileType = sourcecode.swift; path = PokemonDetailView.swift; sourceTree = "<group>"; };
		89BA88052772924600CD227A /* PokemonListRow.swift */ = {isa = PBXFileReference; lastKnownFileType = sourcecode.swift; path = PokemonListRow.swift; sourceTree = "<group>"; };
		89BD2B042776911D00B33827 /* TrainerView.swift */ = {isa = PBXFileReference; lastKnownFileType = sourcecode.swift; path = TrainerView.swift; sourceTree = "<group>"; };
/* End PBXFileReference section */

/* Begin PBXFrameworksBuildPhase section */
		8963179A276A5B9A0075B64D /* Frameworks */ = {
			isa = PBXFrameworksBuildPhase;
			buildActionMask = 2147483647;
			files = (
				895193F6276B733100588142 /* PokeAPI in Frameworks */,
			);
			runOnlyForDeploymentPostprocessing = 0;
		};
		896317AF276A5B9C0075B64D /* Frameworks */ = {
			isa = PBXFrameworksBuildPhase;
			buildActionMask = 2147483647;
			files = (
			);
			runOnlyForDeploymentPostprocessing = 0;
		};
		896317B9276A5B9C0075B64D /* Frameworks */ = {
			isa = PBXFrameworksBuildPhase;
			buildActionMask = 2147483647;
			files = (
			);
			runOnlyForDeploymentPostprocessing = 0;
		};
/* End PBXFrameworksBuildPhase section */

/* Begin PBXGroup section */
		89356EC527754057000345F9 /* Fonts */ = {
			isa = PBXGroup;
			children = (
				89356EC727754067000345F9 /* Connection.otf */,
				89356EC627754066000345F9 /* ConnectionBold.otf */,
			);
			path = Fonts;
			sourceTree = "<group>";
		};
		89631794276A5B9A0075B64D = {
			isa = PBXGroup;
			children = (
				8963179F276A5B9A0075B64D /* Pokedex */,
				896317B5276A5B9C0075B64D /* PokedexTests */,
				896317BF276A5B9C0075B64D /* PokedexUITests */,
				8963179E276A5B9A0075B64D /* Products */,
			);
			sourceTree = "<group>";
		};
		8963179E276A5B9A0075B64D /* Products */ = {
			isa = PBXGroup;
			children = (
				8963179D276A5B9A0075B64D /* Pokedex.app */,
				896317B2276A5B9C0075B64D /* PokedexTests.xctest */,
				896317BC276A5B9C0075B64D /* PokedexUITests.xctest */,
			);
			name = Products;
			sourceTree = "<group>";
		};
		8963179F276A5B9A0075B64D /* Pokedex */ = {
			isa = PBXGroup;
			children = (
				89356ECA27754166000345F9 /* Info.plist */,
				89356EC527754057000345F9 /* Fonts */,
				899CBD9B276F62BA00AF1F51 /* Helper */,
				896317D1276B31940075B64D /* Views */,
				896317A0276A5B9A0075B64D /* PokedexApp.swift */,
				896317A4276A5B9C0075B64D /* Assets.xcassets */,
				896317A9276A5B9C0075B64D /* Persistence.swift */,
				896317AB276A5B9C0075B64D /* Pokedex.xcdatamodeld */,
				896317A6276A5B9C0075B64D /* Preview Content */,
			);
			path = Pokedex;
			sourceTree = "<group>";
		};
		896317A6276A5B9C0075B64D /* Preview Content */ = {
			isa = PBXGroup;
			children = (
				896317A7276A5B9C0075B64D /* Preview Assets.xcassets */,
			);
			path = "Preview Content";
			sourceTree = "<group>";
		};
		896317B5276A5B9C0075B64D /* PokedexTests */ = {
			isa = PBXGroup;
			children = (
				896317B6276A5B9C0075B64D /* PokedexTests.swift */,
			);
			path = PokedexTests;
			sourceTree = "<group>";
		};
		896317BF276A5B9C0075B64D /* PokedexUITests */ = {
			isa = PBXGroup;
			children = (
				896317C0276A5B9C0075B64D /* PokedexUITests.swift */,
				896317C2276A5B9C0075B64D /* PokedexUITestsLaunchTests.swift */,
			);
			path = PokedexUITests;
			sourceTree = "<group>";
		};
		896317D1276B31940075B64D /* Views */ = {
			isa = PBXGroup;
			children = (
				89BD2B03277690FD00B33827 /* PokemonList */,
				896317A2276A5B9A0075B64D /* MainView.swift */,
				89356EBF27752AD2000345F9 /* LoginView.swift */,
				89BD2B042776911D00B33827 /* TrainerView.swift */,
			);
			path = Views;
			sourceTree = "<group>";
		};
		899CBD9B276F62BA00AF1F51 /* Helper */ = {
			isa = PBXGroup;
			children = (
				899CBD9C276F62CC00AF1F51 /* PokedexAPI.swift */,
				89356EC127752D92000345F9 /* Colors.swift */,
				89356EC3277533DF000345F9 /* ViewExtensions.swift */,
			);
			path = Helper;
			sourceTree = "<group>";
		};
		89BD2B03277690FD00B33827 /* PokemonList */ = {
			isa = PBXGroup;
			children = (
				89BA88032772895000CD227A /* PokemonDetailView.swift */,
				89BA88052772924600CD227A /* PokemonListRow.swift */,
				896317CF276B318D0075B64D /* PokemonListView.swift */,
			);
			path = PokemonList;
			sourceTree = "<group>";
		};
/* End PBXGroup section */

/* Begin PBXNativeTarget section */
		8963179C276A5B9A0075B64D /* Pokedex */ = {
			isa = PBXNativeTarget;
			buildConfigurationList = 896317C6276A5B9C0075B64D /* Build configuration list for PBXNativeTarget "Pokedex" */;
			buildPhases = (
				89631799276A5B9A0075B64D /* Sources */,
				8963179A276A5B9A0075B64D /* Frameworks */,
				8963179B276A5B9A0075B64D /* Resources */,
			);
			buildRules = (
			);
			dependencies = (
			);
			name = Pokedex;
			packageProductDependencies = (
				895193F5276B733100588142 /* PokeAPI */,
			);
			productName = Pokedex;
			productReference = 8963179D276A5B9A0075B64D /* Pokedex.app */;
			productType = "com.apple.product-type.application";
		};
		896317B1276A5B9C0075B64D /* PokedexTests */ = {
			isa = PBXNativeTarget;
			buildConfigurationList = 896317C9276A5B9C0075B64D /* Build configuration list for PBXNativeTarget "PokedexTests" */;
			buildPhases = (
				896317AE276A5B9C0075B64D /* Sources */,
				896317AF276A5B9C0075B64D /* Frameworks */,
				896317B0276A5B9C0075B64D /* Resources */,
			);
			buildRules = (
			);
			dependencies = (
				896317B4276A5B9C0075B64D /* PBXTargetDependency */,
			);
			name = PokedexTests;
			productName = PokedexTests;
			productReference = 896317B2276A5B9C0075B64D /* PokedexTests.xctest */;
			productType = "com.apple.product-type.bundle.unit-test";
		};
		896317BB276A5B9C0075B64D /* PokedexUITests */ = {
			isa = PBXNativeTarget;
			buildConfigurationList = 896317CC276A5B9C0075B64D /* Build configuration list for PBXNativeTarget "PokedexUITests" */;
			buildPhases = (
				896317B8276A5B9C0075B64D /* Sources */,
				896317B9276A5B9C0075B64D /* Frameworks */,
				896317BA276A5B9C0075B64D /* Resources */,
			);
			buildRules = (
			);
			dependencies = (
				896317BE276A5B9C0075B64D /* PBXTargetDependency */,
			);
			name = PokedexUITests;
			productName = PokedexUITests;
			productReference = 896317BC276A5B9C0075B64D /* PokedexUITests.xctest */;
			productType = "com.apple.product-type.bundle.ui-testing";
		};
/* End PBXNativeTarget section */

/* Begin PBXProject section */
		89631795276A5B9A0075B64D /* Project object */ = {
			isa = PBXProject;
			attributes = {
				BuildIndependentTargetsInParallel = 1;
				LastSwiftUpdateCheck = 1310;
				LastUpgradeCheck = 1310;
				TargetAttributes = {
					8963179C276A5B9A0075B64D = {
						CreatedOnToolsVersion = 13.1;
					};
					896317B1276A5B9C0075B64D = {
						CreatedOnToolsVersion = 13.1;
						TestTargetID = 8963179C276A5B9A0075B64D;
					};
					896317BB276A5B9C0075B64D = {
						CreatedOnToolsVersion = 13.1;
						TestTargetID = 8963179C276A5B9A0075B64D;
					};
				};
			};
			buildConfigurationList = 89631798276A5B9A0075B64D /* Build configuration list for PBXProject "Pokedex" */;
			compatibilityVersion = "Xcode 13.0";
			developmentRegion = en;
			hasScannedForEncodings = 0;
			knownRegions = (
				en,
				Base,
			);
			mainGroup = 89631794276A5B9A0075B64D;
			packageReferences = (
				895193F4276B733100588142 /* XCRemoteSwiftPackageReference "PokeAPI" */,
			);
			productRefGroup = 8963179E276A5B9A0075B64D /* Products */;
			projectDirPath = "";
			projectRoot = "";
			targets = (
				8963179C276A5B9A0075B64D /* Pokedex */,
				896317B1276A5B9C0075B64D /* PokedexTests */,
				896317BB276A5B9C0075B64D /* PokedexUITests */,
			);
		};
/* End PBXProject section */

/* Begin PBXResourcesBuildPhase section */
		8963179B276A5B9A0075B64D /* Resources */ = {
			isa = PBXResourcesBuildPhase;
			buildActionMask = 2147483647;
			files = (
				896317A8276A5B9C0075B64D /* Preview Assets.xcassets in Resources */,
				896317A5276A5B9C0075B64D /* Assets.xcassets in Resources */,
				89356EC9277540B8000345F9 /* ConnectionBold.otf in Resources */,
				89356EC8277540B5000345F9 /* Connection.otf in Resources */,
			);
			runOnlyForDeploymentPostprocessing = 0;
		};
		896317B0276A5B9C0075B64D /* Resources */ = {
			isa = PBXResourcesBuildPhase;
			buildActionMask = 2147483647;
			files = (
			);
			runOnlyForDeploymentPostprocessing = 0;
		};
		896317BA276A5B9C0075B64D /* Resources */ = {
			isa = PBXResourcesBuildPhase;
			buildActionMask = 2147483647;
			files = (
			);
			runOnlyForDeploymentPostprocessing = 0;
		};
/* End PBXResourcesBuildPhase section */

/* Begin PBXSourcesBuildPhase section */
		89631799276A5B9A0075B64D /* Sources */ = {
			isa = PBXSourcesBuildPhase;
			buildActionMask = 2147483647;
			files = (
				89356EC4277533DF000345F9 /* ViewExtensions.swift in Sources */,
				896317AD276A5B9C0075B64D /* Pokedex.xcdatamodeld in Sources */,
				89356EC227752D92000345F9 /* Colors.swift in Sources */,
				896317AA276A5B9C0075B64D /* Persistence.swift in Sources */,
				896317A3276A5B9A0075B64D /* MainView.swift in Sources */,
				89356EC027752AD2000345F9 /* LoginView.swift in Sources */,
				896317A1276A5B9A0075B64D /* PokedexApp.swift in Sources */,
				89BA88062772924600CD227A /* PokemonListRow.swift in Sources */,
				89BD2B052776911D00B33827 /* TrainerView.swift in Sources */,
				899CBD9D276F62CC00AF1F51 /* PokedexAPI.swift in Sources */,
				89BA88042772895000CD227A /* PokemonDetailView.swift in Sources */,
				896317D0276B318D0075B64D /* PokemonListView.swift in Sources */,
			);
			runOnlyForDeploymentPostprocessing = 0;
		};
		896317AE276A5B9C0075B64D /* Sources */ = {
			isa = PBXSourcesBuildPhase;
			buildActionMask = 2147483647;
			files = (
				896317B7276A5B9C0075B64D /* PokedexTests.swift in Sources */,
			);
			runOnlyForDeploymentPostprocessing = 0;
		};
		896317B8276A5B9C0075B64D /* Sources */ = {
			isa = PBXSourcesBuildPhase;
			buildActionMask = 2147483647;
			files = (
				896317C1276A5B9C0075B64D /* PokedexUITests.swift in Sources */,
				896317C3276A5B9C0075B64D /* PokedexUITestsLaunchTests.swift in Sources */,
			);
			runOnlyForDeploymentPostprocessing = 0;
		};
/* End PBXSourcesBuildPhase section */

/* Begin PBXTargetDependency section */
		896317B4276A5B9C0075B64D /* PBXTargetDependency */ = {
			isa = PBXTargetDependency;
			target = 8963179C276A5B9A0075B64D /* Pokedex */;
			targetProxy = 896317B3276A5B9C0075B64D /* PBXContainerItemProxy */;
		};
		896317BE276A5B9C0075B64D /* PBXTargetDependency */ = {
			isa = PBXTargetDependency;
			target = 8963179C276A5B9A0075B64D /* Pokedex */;
			targetProxy = 896317BD276A5B9C0075B64D /* PBXContainerItemProxy */;
		};
/* End PBXTargetDependency section */

/* Begin XCBuildConfiguration section */
		896317C4276A5B9C0075B64D /* Debug */ = {
			isa = XCBuildConfiguration;
			buildSettings = {
				ALWAYS_SEARCH_USER_PATHS = NO;
				CLANG_ANALYZER_NONNULL = YES;
				CLANG_ANALYZER_NUMBER_OBJECT_CONVERSION = YES_AGGRESSIVE;
				CLANG_CXX_LANGUAGE_STANDARD = "gnu++17";
				CLANG_CXX_LIBRARY = "libc++";
				CLANG_ENABLE_MODULES = YES;
				CLANG_ENABLE_OBJC_ARC = YES;
				CLANG_ENABLE_OBJC_WEAK = YES;
				CLANG_WARN_BLOCK_CAPTURE_AUTORELEASING = YES;
				CLANG_WARN_BOOL_CONVERSION = YES;
				CLANG_WARN_COMMA = YES;
				CLANG_WARN_CONSTANT_CONVERSION = YES;
				CLANG_WARN_DEPRECATED_OBJC_IMPLEMENTATIONS = YES;
				CLANG_WARN_DIRECT_OBJC_ISA_USAGE = YES_ERROR;
				CLANG_WARN_DOCUMENTATION_COMMENTS = YES;
				CLANG_WARN_EMPTY_BODY = YES;
				CLANG_WARN_ENUM_CONVERSION = YES;
				CLANG_WARN_INFINITE_RECURSION = YES;
				CLANG_WARN_INT_CONVERSION = YES;
				CLANG_WARN_NON_LITERAL_NULL_CONVERSION = YES;
				CLANG_WARN_OBJC_IMPLICIT_RETAIN_SELF = YES;
				CLANG_WARN_OBJC_LITERAL_CONVERSION = YES;
				CLANG_WARN_OBJC_ROOT_CLASS = YES_ERROR;
				CLANG_WARN_QUOTED_INCLUDE_IN_FRAMEWORK_HEADER = YES;
				CLANG_WARN_RANGE_LOOP_ANALYSIS = YES;
				CLANG_WARN_STRICT_PROTOTYPES = YES;
				CLANG_WARN_SUSPICIOUS_MOVE = YES;
				CLANG_WARN_UNGUARDED_AVAILABILITY = YES_AGGRESSIVE;
				CLANG_WARN_UNREACHABLE_CODE = YES;
				CLANG_WARN__DUPLICATE_METHOD_MATCH = YES;
				COPY_PHASE_STRIP = NO;
				DEBUG_INFORMATION_FORMAT = dwarf;
				ENABLE_STRICT_OBJC_MSGSEND = YES;
				ENABLE_TESTABILITY = YES;
				GCC_C_LANGUAGE_STANDARD = gnu11;
				GCC_DYNAMIC_NO_PIC = NO;
				GCC_NO_COMMON_BLOCKS = YES;
				GCC_OPTIMIZATION_LEVEL = 0;
				GCC_PREPROCESSOR_DEFINITIONS = (
					"DEBUG=1",
					"$(inherited)",
				);
				GCC_WARN_64_TO_32_BIT_CONVERSION = YES;
				GCC_WARN_ABOUT_RETURN_TYPE = YES_ERROR;
				GCC_WARN_UNDECLARED_SELECTOR = YES;
				GCC_WARN_UNINITIALIZED_AUTOS = YES_AGGRESSIVE;
				GCC_WARN_UNUSED_FUNCTION = YES;
				GCC_WARN_UNUSED_VARIABLE = YES;
				IPHONEOS_DEPLOYMENT_TARGET = 15.0;
				MTL_ENABLE_DEBUG_INFO = INCLUDE_SOURCE;
				MTL_FAST_MATH = YES;
				ONLY_ACTIVE_ARCH = YES;
				SDKROOT = iphoneos;
				SWIFT_ACTIVE_COMPILATION_CONDITIONS = DEBUG;
				SWIFT_OPTIMIZATION_LEVEL = "-Onone";
			};
			name = Debug;
		};
		896317C5276A5B9C0075B64D /* Release */ = {
			isa = XCBuildConfiguration;
			buildSettings = {
				ALWAYS_SEARCH_USER_PATHS = NO;
				CLANG_ANALYZER_NONNULL = YES;
				CLANG_ANALYZER_NUMBER_OBJECT_CONVERSION = YES_AGGRESSIVE;
				CLANG_CXX_LANGUAGE_STANDARD = "gnu++17";
				CLANG_CXX_LIBRARY = "libc++";
				CLANG_ENABLE_MODULES = YES;
				CLANG_ENABLE_OBJC_ARC = YES;
				CLANG_ENABLE_OBJC_WEAK = YES;
				CLANG_WARN_BLOCK_CAPTURE_AUTORELEASING = YES;
				CLANG_WARN_BOOL_CONVERSION = YES;
				CLANG_WARN_COMMA = YES;
				CLANG_WARN_CONSTANT_CONVERSION = YES;
				CLANG_WARN_DEPRECATED_OBJC_IMPLEMENTATIONS = YES;
				CLANG_WARN_DIRECT_OBJC_ISA_USAGE = YES_ERROR;
				CLANG_WARN_DOCUMENTATION_COMMENTS = YES;
				CLANG_WARN_EMPTY_BODY = YES;
				CLANG_WARN_ENUM_CONVERSION = YES;
				CLANG_WARN_INFINITE_RECURSION = YES;
				CLANG_WARN_INT_CONVERSION = YES;
				CLANG_WARN_NON_LITERAL_NULL_CONVERSION = YES;
				CLANG_WARN_OBJC_IMPLICIT_RETAIN_SELF = YES;
				CLANG_WARN_OBJC_LITERAL_CONVERSION = YES;
				CLANG_WARN_OBJC_ROOT_CLASS = YES_ERROR;
				CLANG_WARN_QUOTED_INCLUDE_IN_FRAMEWORK_HEADER = YES;
				CLANG_WARN_RANGE_LOOP_ANALYSIS = YES;
				CLANG_WARN_STRICT_PROTOTYPES = YES;
				CLANG_WARN_SUSPICIOUS_MOVE = YES;
				CLANG_WARN_UNGUARDED_AVAILABILITY = YES_AGGRESSIVE;
				CLANG_WARN_UNREACHABLE_CODE = YES;
				CLANG_WARN__DUPLICATE_METHOD_MATCH = YES;
				COPY_PHASE_STRIP = NO;
				DEBUG_INFORMATION_FORMAT = "dwarf-with-dsym";
				ENABLE_NS_ASSERTIONS = NO;
				ENABLE_STRICT_OBJC_MSGSEND = YES;
				GCC_C_LANGUAGE_STANDARD = gnu11;
				GCC_NO_COMMON_BLOCKS = YES;
				GCC_WARN_64_TO_32_BIT_CONVERSION = YES;
				GCC_WARN_ABOUT_RETURN_TYPE = YES_ERROR;
				GCC_WARN_UNDECLARED_SELECTOR = YES;
				GCC_WARN_UNINITIALIZED_AUTOS = YES_AGGRESSIVE;
				GCC_WARN_UNUSED_FUNCTION = YES;
				GCC_WARN_UNUSED_VARIABLE = YES;
				IPHONEOS_DEPLOYMENT_TARGET = 15.0;
				MTL_ENABLE_DEBUG_INFO = NO;
				MTL_FAST_MATH = YES;
				SDKROOT = iphoneos;
				SWIFT_COMPILATION_MODE = wholemodule;
				SWIFT_OPTIMIZATION_LEVEL = "-O";
				VALIDATE_PRODUCT = YES;
			};
			name = Release;
		};
		896317C7276A5B9C0075B64D /* Debug */ = {
			isa = XCBuildConfiguration;
			buildSettings = {
				ASSETCATALOG_COMPILER_APPICON_NAME = AppIcon;
				ASSETCATALOG_COMPILER_GLOBAL_ACCENT_COLOR_NAME = AccentColor;
				CODE_SIGN_STYLE = Automatic;
				CURRENT_PROJECT_VERSION = 1;
				DEVELOPMENT_ASSET_PATHS = "\"Pokedex/Preview Content\"";
				DEVELOPMENT_TEAM = V59VWC5YAM;
				ENABLE_PREVIEWS = YES;
				GENERATE_INFOPLIST_FILE = YES;
				INFOPLIST_FILE = Pokedex/Info.plist;
				INFOPLIST_KEY_UIApplicationSceneManifest_Generation = YES;
				INFOPLIST_KEY_UIApplicationSupportsIndirectInputEvents = YES;
				INFOPLIST_KEY_UISupportedInterfaceOrientations_iPad = "UIInterfaceOrientationPortrait UIInterfaceOrientationPortraitUpsideDown UIInterfaceOrientationLandscapeLeft UIInterfaceOrientationLandscapeRight";
				INFOPLIST_KEY_UISupportedInterfaceOrientations_iPhone = "UIInterfaceOrientationPortrait UIInterfaceOrientationLandscapeLeft UIInterfaceOrientationLandscapeRight";
				LD_RUNPATH_SEARCH_PATHS = (
					"$(inherited)",
					"@executable_path/Frameworks",
				);
				MARKETING_VERSION = 1.0;
				PRODUCT_BUNDLE_IDENTIFIER = io.deitsch.Pokedex;
				PRODUCT_NAME = "$(TARGET_NAME)";
				SWIFT_EMIT_LOC_STRINGS = YES;
				SWIFT_VERSION = 5.0;
				TARGETED_DEVICE_FAMILY = "1,2";
			};
			name = Debug;
		};
		896317C8276A5B9C0075B64D /* Release */ = {
			isa = XCBuildConfiguration;
			buildSettings = {
				ASSETCATALOG_COMPILER_APPICON_NAME = AppIcon;
				ASSETCATALOG_COMPILER_GLOBAL_ACCENT_COLOR_NAME = AccentColor;
				CODE_SIGN_STYLE = Automatic;
				CURRENT_PROJECT_VERSION = 1;
				DEVELOPMENT_ASSET_PATHS = "\"Pokedex/Preview Content\"";
				DEVELOPMENT_TEAM = V59VWC5YAM;
				ENABLE_PREVIEWS = YES;
				GENERATE_INFOPLIST_FILE = YES;
				INFOPLIST_FILE = Pokedex/Info.plist;
				INFOPLIST_KEY_UIApplicationSceneManifest_Generation = YES;
				INFOPLIST_KEY_UIApplicationSupportsIndirectInputEvents = YES;
				INFOPLIST_KEY_UISupportedInterfaceOrientations_iPad = "UIInterfaceOrientationPortrait UIInterfaceOrientationPortraitUpsideDown UIInterfaceOrientationLandscapeLeft UIInterfaceOrientationLandscapeRight";
				INFOPLIST_KEY_UISupportedInterfaceOrientations_iPhone = "UIInterfaceOrientationPortrait UIInterfaceOrientationLandscapeLeft UIInterfaceOrientationLandscapeRight";
				LD_RUNPATH_SEARCH_PATHS = (
					"$(inherited)",
					"@executable_path/Frameworks",
				);
				MARKETING_VERSION = 1.0;
				PRODUCT_BUNDLE_IDENTIFIER = io.deitsch.Pokedex;
				PRODUCT_NAME = "$(TARGET_NAME)";
				SWIFT_EMIT_LOC_STRINGS = YES;
				SWIFT_VERSION = 5.0;
				TARGETED_DEVICE_FAMILY = "1,2";
			};
			name = Release;
		};
		896317CA276A5B9C0075B64D /* Debug */ = {
			isa = XCBuildConfiguration;
			buildSettings = {
				ALWAYS_EMBED_SWIFT_STANDARD_LIBRARIES = YES;
				BUNDLE_LOADER = "$(TEST_HOST)";
				CODE_SIGN_STYLE = Automatic;
				CURRENT_PROJECT_VERSION = 1;
				DEVELOPMENT_TEAM = V59VWC5YAM;
				GENERATE_INFOPLIST_FILE = YES;
				IPHONEOS_DEPLOYMENT_TARGET = 15.0;
				LD_RUNPATH_SEARCH_PATHS = (
					"$(inherited)",
					"@executable_path/Frameworks",
					"@loader_path/Frameworks",
				);
				MARKETING_VERSION = 1.0;
				PRODUCT_BUNDLE_IDENTIFIER = io.deitsch.PokedexTests;
				PRODUCT_NAME = "$(TARGET_NAME)";
				SWIFT_EMIT_LOC_STRINGS = NO;
				SWIFT_VERSION = 5.0;
				TARGETED_DEVICE_FAMILY = "1,2";
				TEST_HOST = "$(BUILT_PRODUCTS_DIR)/Pokedex.app/Pokedex";
			};
			name = Debug;
		};
		896317CB276A5B9C0075B64D /* Release */ = {
			isa = XCBuildConfiguration;
			buildSettings = {
				ALWAYS_EMBED_SWIFT_STANDARD_LIBRARIES = YES;
				BUNDLE_LOADER = "$(TEST_HOST)";
				CODE_SIGN_STYLE = Automatic;
				CURRENT_PROJECT_VERSION = 1;
				DEVELOPMENT_TEAM = V59VWC5YAM;
				GENERATE_INFOPLIST_FILE = YES;
				IPHONEOS_DEPLOYMENT_TARGET = 15.0;
				LD_RUNPATH_SEARCH_PATHS = (
					"$(inherited)",
					"@executable_path/Frameworks",
					"@loader_path/Frameworks",
				);
				MARKETING_VERSION = 1.0;
				PRODUCT_BUNDLE_IDENTIFIER = io.deitsch.PokedexTests;
				PRODUCT_NAME = "$(TARGET_NAME)";
				SWIFT_EMIT_LOC_STRINGS = NO;
				SWIFT_VERSION = 5.0;
				TARGETED_DEVICE_FAMILY = "1,2";
				TEST_HOST = "$(BUILT_PRODUCTS_DIR)/Pokedex.app/Pokedex";
			};
			name = Release;
		};
		896317CD276A5B9C0075B64D /* Debug */ = {
			isa = XCBuildConfiguration;
			buildSettings = {
				ALWAYS_EMBED_SWIFT_STANDARD_LIBRARIES = YES;
				CODE_SIGN_STYLE = Automatic;
				CURRENT_PROJECT_VERSION = 1;
				DEVELOPMENT_TEAM = V59VWC5YAM;
				GENERATE_INFOPLIST_FILE = YES;
				LD_RUNPATH_SEARCH_PATHS = (
					"$(inherited)",
					"@executable_path/Frameworks",
					"@loader_path/Frameworks",
				);
				MARKETING_VERSION = 1.0;
				PRODUCT_BUNDLE_IDENTIFIER = io.deitsch.PokedexUITests;
				PRODUCT_NAME = "$(TARGET_NAME)";
				SWIFT_EMIT_LOC_STRINGS = NO;
				SWIFT_VERSION = 5.0;
				TARGETED_DEVICE_FAMILY = "1,2";
				TEST_TARGET_NAME = Pokedex;
			};
			name = Debug;
		};
		896317CE276A5B9C0075B64D /* Release */ = {
			isa = XCBuildConfiguration;
			buildSettings = {
				ALWAYS_EMBED_SWIFT_STANDARD_LIBRARIES = YES;
				CODE_SIGN_STYLE = Automatic;
				CURRENT_PROJECT_VERSION = 1;
				DEVELOPMENT_TEAM = V59VWC5YAM;
				GENERATE_INFOPLIST_FILE = YES;
				LD_RUNPATH_SEARCH_PATHS = (
					"$(inherited)",
					"@executable_path/Frameworks",
					"@loader_path/Frameworks",
				);
				MARKETING_VERSION = 1.0;
				PRODUCT_BUNDLE_IDENTIFIER = io.deitsch.PokedexUITests;
				PRODUCT_NAME = "$(TARGET_NAME)";
				SWIFT_EMIT_LOC_STRINGS = NO;
				SWIFT_VERSION = 5.0;
				TARGETED_DEVICE_FAMILY = "1,2";
				TEST_TARGET_NAME = Pokedex;
			};
			name = Release;
		};
/* End XCBuildConfiguration section */

/* Begin XCConfigurationList section */
		89631798276A5B9A0075B64D /* Build configuration list for PBXProject "Pokedex" */ = {
			isa = XCConfigurationList;
			buildConfigurations = (
				896317C4276A5B9C0075B64D /* Debug */,
				896317C5276A5B9C0075B64D /* Release */,
			);
			defaultConfigurationIsVisible = 0;
			defaultConfigurationName = Release;
		};
		896317C6276A5B9C0075B64D /* Build configuration list for PBXNativeTarget "Pokedex" */ = {
			isa = XCConfigurationList;
			buildConfigurations = (
				896317C7276A5B9C0075B64D /* Debug */,
				896317C8276A5B9C0075B64D /* Release */,
			);
			defaultConfigurationIsVisible = 0;
			defaultConfigurationName = Release;
		};
		896317C9276A5B9C0075B64D /* Build configuration list for PBXNativeTarget "PokedexTests" */ = {
			isa = XCConfigurationList;
			buildConfigurations = (
				896317CA276A5B9C0075B64D /* Debug */,
				896317CB276A5B9C0075B64D /* Release */,
			);
			defaultConfigurationIsVisible = 0;
			defaultConfigurationName = Release;
		};
		896317CC276A5B9C0075B64D /* Build configuration list for PBXNativeTarget "PokedexUITests" */ = {
			isa = XCConfigurationList;
			buildConfigurations = (
				896317CD276A5B9C0075B64D /* Debug */,
				896317CE276A5B9C0075B64D /* Release */,
			);
			defaultConfigurationIsVisible = 0;
			defaultConfigurationName = Release;
		};
/* End XCConfigurationList section */

/* Begin XCRemoteSwiftPackageReference section */
		895193F4276B733100588142 /* XCRemoteSwiftPackageReference "PokeAPI" */ = {
			isa = XCRemoteSwiftPackageReference;
			repositoryURL = "https://github.com/Deitsch/PokeAPI";
			requirement = {
				branch = main;
				kind = branch;
			};
		};
/* End XCRemoteSwiftPackageReference section */

/* Begin XCSwiftPackageProductDependency section */
		895193F5276B733100588142 /* PokeAPI */ = {
			isa = XCSwiftPackageProductDependency;
			package = 895193F4276B733100588142 /* XCRemoteSwiftPackageReference "PokeAPI" */;
			productName = PokeAPI;
		};
/* End XCSwiftPackageProductDependency section */

/* Begin XCVersionGroup section */
		896317AB276A5B9C0075B64D /* Pokedex.xcdatamodeld */ = {
			isa = XCVersionGroup;
			children = (
				896317AC276A5B9C0075B64D /* Pokedex.xcdatamodel */,
			);
			currentVersion = 896317AC276A5B9C0075B64D /* Pokedex.xcdatamodel */;
			path = Pokedex.xcdatamodeld;
			sourceTree = "<group>";
			versionGroupType = wrapper.xcdatamodel;
		};
/* End XCVersionGroup section */
	};
	rootObject = 89631795276A5B9A0075B64D /* Project object */;
}
