{
  "object": {
    "pins": [
      {
        "package": "PokeAPI",
        "repositoryURL": "https://github.com/Deitsch/PokeAPI",
        "state": {
          "branch": "main",
          "revision": "ee9af67b65e9247b5bc968fd51ac68d8ae726763",
          "version": null
        }
      }
    ]
  },
  "version": 1
}
