{
  "object": {
    "pins": [
      {
        "package": "PokeAPI",
        "repositoryURL": "https://github.com/Deitsch/PokeAPI",
        "state": {
          "branch": "main",
          "revision": "ea1348442f28de4d6cfb372497195e60c2b23265",
          "version": null
        }
      }
    ]
  },
  "version": 1
}
