{
  "object": {
    "pins": [
      {
        "package": "PokeAPI",
        "repositoryURL": "https://github.com/Deitsch/PokeAPI",
        "state": {
          "branch": "main",
          "revision": "71c36a316bfea3e571f94c3fc0ed741fd1a0250d",
          "version": null
        }
      }
    ]
  },
  "version": 1
}
